// !$*UTF8*$!
{
	archiveVersion = 1;
	classes = {
	};
	objectVersion = 55;
	objects = {

/* Begin PBXBuildFile section */
		DD2376832849585800D01756 /* CatProjectApp.swift in Sources */ = {isa = PBXBuildFile; fileRef = DD2376822849585800D01756 /* CatProjectApp.swift */; };
		DD2376852849585800D01756 /* ContentView.swift in Sources */ = {isa = PBXBuildFile; fileRef = DD2376842849585800D01756 /* ContentView.swift */; };
		DD2376872849585B00D01756 /* Assets.xcassets in Resources */ = {isa = PBXBuildFile; fileRef = DD2376862849585B00D01756 /* Assets.xcassets */; };
		DD23768A2849585B00D01756 /* Preview Assets.xcassets in Resources */ = {isa = PBXBuildFile; fileRef = DD2376892849585B00D01756 /* Preview Assets.xcassets */; };
		DD23769428495AF600D01756 /* Breed.swift in Sources */ = {isa = PBXBuildFile; fileRef = DD23769328495AF600D01756 /* Breed.swift */; };
		DD23769628495B2500D01756 /* BreedImage.swift in Sources */ = {isa = PBXBuildFile; fileRef = DD23769528495B2500D01756 /* BreedImage.swift */; };
		DD23769828495B4B00D01756 /* BreedFetcher.swift in Sources */ = {isa = PBXBuildFile; fileRef = DD23769728495B4B00D01756 /* BreedFetcher.swift */; };
		DD23769A284B5DE300D01756 /* BreedListView.swift in Sources */ = {isa = PBXBuildFile; fileRef = DD237699284B5DE300D01756 /* BreedListView.swift */; };
		DD23769E284B5E8D00D01756 /* ErrorView.swift in Sources */ = {isa = PBXBuildFile; fileRef = DD23769D284B5E8D00D01756 /* ErrorView.swift */; };
		DD2376A0284B61B600D01756 /* APIError.swift in Sources */ = {isa = PBXBuildFile; fileRef = DD23769F284B61B600D01756 /* APIError.swift */; };
		DD2376A2284B672C00D01756 /* APIService.swift in Sources */ = {isa = PBXBuildFile; fileRef = DD2376A1284B672C00D01756 /* APIService.swift */; };
		DD2376A4284B711200D01756 /* LoadingView.swift in Sources */ = {isa = PBXBuildFile; fileRef = DD2376A3284B711200D01756 /* LoadingView.swift */; };
		DD2376A6284B72D600D01756 /*  BreedDetailView.swift in Sources */ = {isa = PBXBuildFile; fileRef = DD2376A5284B72D600D01756 /*  BreedDetailView.swift */; };
		DD2376A8284B73AA00D01756 /* APIServiceProtocol.swift in Sources */ = {isa = PBXBuildFile; fileRef = DD2376A7284B73AA00D01756 /* APIServiceProtocol.swift */; };
		DD2376AA284B744F00D01756 /* BreedRow.swift in Sources */ = {isa = PBXBuildFile; fileRef = DD2376A9284B744F00D01756 /* BreedRow.swift */; };
		DD2376AC284B764900D01756 /* APIMockService.swift in Sources */ = {isa = PBXBuildFile; fileRef = DD2376AB284B764800D01756 /* APIMockService.swift */; };
/* End PBXBuildFile section */

/* Begin PBXFileReference section */
		DD23767F2849585800D01756 /* CatProject.app */ = {isa = PBXFileReference; explicitFileType = wrapper.application; includeInIndex = 0; path = CatProject.app; sourceTree = BUILT_PRODUCTS_DIR; };
		DD2376822849585800D01756 /* CatProjectApp.swift */ = {isa = PBXFileReference; lastKnownFileType = sourcecode.swift; path = CatProjectApp.swift; sourceTree = "<group>"; };
		DD2376842849585800D01756 /* ContentView.swift */ = {isa = PBXFileReference; lastKnownFileType = sourcecode.swift; path = ContentView.swift; sourceTree = "<group>"; };
		DD2376862849585B00D01756 /* Assets.xcassets */ = {isa = PBXFileReference; lastKnownFileType = folder.assetcatalog; path = Assets.xcassets; sourceTree = "<group>"; };
		DD2376892849585B00D01756 /* Preview Assets.xcassets */ = {isa = PBXFileReference; lastKnownFileType = folder.assetcatalog; path = "Preview Assets.xcassets"; sourceTree = "<group>"; };
		DD23769328495AF600D01756 /* Breed.swift */ = {isa = PBXFileReference; lastKnownFileType = sourcecode.swift; path = Breed.swift; sourceTree = "<group>"; };
		DD23769528495B2500D01756 /* BreedImage.swift */ = {isa = PBXFileReference; lastKnownFileType = sourcecode.swift; path = BreedImage.swift; sourceTree = "<group>"; };
		DD23769728495B4B00D01756 /* BreedFetcher.swift */ = {isa = PBXFileReference; lastKnownFileType = sourcecode.swift; path = BreedFetcher.swift; sourceTree = "<group>"; };
		DD237699284B5DE300D01756 /* BreedListView.swift */ = {isa = PBXFileReference; lastKnownFileType = sourcecode.swift; path = BreedListView.swift; sourceTree = "<group>"; };
		DD23769D284B5E8D00D01756 /* ErrorView.swift */ = {isa = PBXFileReference; lastKnownFileType = sourcecode.swift; path = ErrorView.swift; sourceTree = "<group>"; };
		DD23769F284B61B600D01756 /* APIError.swift */ = {isa = PBXFileReference; lastKnownFileType = sourcecode.swift; path = APIError.swift; sourceTree = "<group>"; };
		DD2376A1284B672C00D01756 /* APIService.swift */ = {isa = PBXFileReference; lastKnownFileType = sourcecode.swift; path = APIService.swift; sourceTree = "<group>"; };
		DD2376A3284B711200D01756 /* LoadingView.swift */ = {isa = PBXFileReference; lastKnownFileType = sourcecode.swift; path = LoadingView.swift; sourceTree = "<group>"; };
		DD2376A5284B72D600D01756 /*  BreedDetailView.swift */ = {isa = PBXFileReference; lastKnownFileType = sourcecode.swift; path = " BreedDetailView.swift"; sourceTree = "<group>"; };
		DD2376A7284B73AA00D01756 /* APIServiceProtocol.swift */ = {isa = PBXFileReference; lastKnownFileType = sourcecode.swift; path = APIServiceProtocol.swift; sourceTree = "<group>"; };
		DD2376A9284B744F00D01756 /* BreedRow.swift */ = {isa = PBXFileReference; lastKnownFileType = sourcecode.swift; path = BreedRow.swift; sourceTree = "<group>"; };
		DD2376AB284B764800D01756 /* APIMockService.swift */ = {isa = PBXFileReference; lastKnownFileType = sourcecode.swift; path = APIMockService.swift; sourceTree = "<group>"; };
/* End PBXFileReference section */

/* Begin PBXFrameworksBuildPhase section */
		DD23767C2849585800D01756 /* Frameworks */ = {
			isa = PBXFrameworksBuildPhase;
			buildActionMask = 2147483647;
			files = (
			);
			runOnlyForDeploymentPostprocessing = 0;
		};
/* End PBXFrameworksBuildPhase section */

/* Begin PBXGroup section */
		DD2376762849585800D01756 = {
			isa = PBXGroup;
			children = (
				DD2376812849585800D01756 /* CatProject */,
				DD2376802849585800D01756 /* Products */,
			);
			sourceTree = "<group>";
		};
		DD2376802849585800D01756 /* Products */ = {
			isa = PBXGroup;
			children = (
				DD23767F2849585800D01756 /* CatProject.app */,
			);
			name = Products;
			sourceTree = "<group>";
		};
		DD2376812849585800D01756 /* CatProject */ = {
			isa = PBXGroup;
			children = (
				DD23769228495AE700D01756 /* networking */,
				DD23769128495AE000D01756 /* view */,
				DD23769028495AD900D01756 /* model */,
				DD2376822849585800D01756 /* CatProjectApp.swift */,
				DD2376842849585800D01756 /* ContentView.swift */,
				DD2376862849585B00D01756 /* Assets.xcassets */,
				DD2376882849585B00D01756 /* Preview Content */,
			);
			path = CatProject;
			sourceTree = "<group>";
		};
		DD2376882849585B00D01756 /* Preview Content */ = {
			isa = PBXGroup;
			children = (
				DD2376892849585B00D01756 /* Preview Assets.xcassets */,
			);
			path = "Preview Content";
			sourceTree = "<group>";
		};
		DD23769028495AD900D01756 /* model */ = {
			isa = PBXGroup;
			children = (
				DD23769328495AF600D01756 /* Breed.swift */,
				DD23769528495B2500D01756 /* BreedImage.swift */,
			);
			path = model;
			sourceTree = "<group>";
		};
		DD23769128495AE000D01756 /* view */ = {
			isa = PBXGroup;
			children = (
				DD237699284B5DE300D01756 /* BreedListView.swift */,
				DD23769D284B5E8D00D01756 /* ErrorView.swift */,
				DD2376A3284B711200D01756 /* LoadingView.swift */,
				DD2376A5284B72D600D01756 /*  BreedDetailView.swift */,
				DD2376A9284B744F00D01756 /* BreedRow.swift */,
			);
			path = view;
			sourceTree = "<group>";
		};
		DD23769228495AE700D01756 /* networking */ = {
			isa = PBXGroup;
			children = (
				DD23769728495B4B00D01756 /* BreedFetcher.swift */,
				DD23769F284B61B600D01756 /* APIError.swift */,
				DD2376A1284B672C00D01756 /* APIService.swift */,
				DD2376A7284B73AA00D01756 /* APIServiceProtocol.swift */,
				DD2376AB284B764800D01756 /* APIMockService.swift */,
			);
			path = networking;
			sourceTree = "<group>";
		};
/* End PBXGroup section */

/* Begin PBXNativeTarget section */
		DD23767E2849585800D01756 /* CatProject */ = {
			isa = PBXNativeTarget;
			buildConfigurationList = DD23768D2849585B00D01756 /* Build configuration list for PBXNativeTarget "CatProject" */;
			buildPhases = (
				DD23767B2849585800D01756 /* Sources */,
				DD23767C2849585800D01756 /* Frameworks */,
				DD23767D2849585800D01756 /* Resources */,
			);
			buildRules = (
			);
			dependencies = (
			);
			name = CatProject;
			productName = CatProject;
			productReference = DD23767F2849585800D01756 /* CatProject.app */;
			productType = "com.apple.product-type.application";
		};
/* End PBXNativeTarget section */

/* Begin PBXProject section */
		DD2376772849585800D01756 /* Project object */ = {
			isa = PBXProject;
			attributes = {
				BuildIndependentTargetsInParallel = 1;
				LastSwiftUpdateCheck = 1340;
				LastUpgradeCheck = 1340;
				TargetAttributes = {
					DD23767E2849585800D01756 = {
						CreatedOnToolsVersion = 13.4;
					};
				};
			};
			buildConfigurationList = DD23767A2849585800D01756 /* Build configuration list for PBXProject "CatProject" */;
			compatibilityVersion = "Xcode 13.0";
			developmentRegion = en;
			hasScannedForEncodings = 0;
			knownRegions = (
				en,
				Base,
			);
			mainGroup = DD2376762849585800D01756;
			productRefGroup = DD2376802849585800D01756 /* Products */;
			projectDirPath = "";
			projectRoot = "";
			targets = (
				DD23767E2849585800D01756 /* CatProject */,
			);
		};
/* End PBXProject section */

/* Begin PBXResourcesBuildPhase section */
		DD23767D2849585800D01756 /* Resources */ = {
			isa = PBXResourcesBuildPhase;
			buildActionMask = 2147483647;
			files = (
				DD23768A2849585B00D01756 /* Preview Assets.xcassets in Resources */,
				DD2376872849585B00D01756 /* Assets.xcassets in Resources */,
			);
			runOnlyForDeploymentPostprocessing = 0;
		};
/* End PBXResourcesBuildPhase section */

/* Begin PBXSourcesBuildPhase section */
		DD23767B2849585800D01756 /* Sources */ = {
			isa = PBXSourcesBuildPhase;
			buildActionMask = 2147483647;
			files = (
				DD2376A8284B73AA00D01756 /* APIServiceProtocol.swift in Sources */,
				DD23769628495B2500D01756 /* BreedImage.swift in Sources */,
				DD2376AC284B764900D01756 /* APIMockService.swift in Sources */,
				DD23769428495AF600D01756 /* Breed.swift in Sources */,
				DD2376852849585800D01756 /* ContentView.swift in Sources */,
				DD2376A4284B711200D01756 /* LoadingView.swift in Sources */,
				DD2376A6284B72D600D01756 /*  BreedDetailView.swift in Sources */,
				DD23769828495B4B00D01756 /* BreedFetcher.swift in Sources */,
				DD2376832849585800D01756 /* CatProjectApp.swift in Sources */,
				DD2376A0284B61B600D01756 /* APIError.swift in Sources */,
				DD23769E284B5E8D00D01756 /* ErrorView.swift in Sources */,
				DD2376A2284B672C00D01756 /* APIService.swift in Sources */,
				DD23769A284B5DE300D01756 /* BreedListView.swift in Sources */,
				DD2376AA284B744F00D01756 /* BreedRow.swift in Sources */,
			);
			runOnlyForDeploymentPostprocessing = 0;
		};
/* End PBXSourcesBuildPhase section */

/* Begin XCBuildConfiguration section */
		DD23768B2849585B00D01756 /* Debug */ = {
			isa = XCBuildConfiguration;
			buildSettings = {
				ALWAYS_SEARCH_USER_PATHS = NO;
				CLANG_ANALYZER_NONNULL = YES;
				CLANG_ANALYZER_NUMBER_OBJECT_CONVERSION = YES_AGGRESSIVE;
				CLANG_CXX_LANGUAGE_STANDARD = "gnu++17";
				CLANG_ENABLE_MODULES = YES;
				CLANG_ENABLE_OBJC_ARC = YES;
				CLANG_ENABLE_OBJC_WEAK = YES;
				CLANG_WARN_BLOCK_CAPTURE_AUTORELEASING = YES;
				CLANG_WARN_BOOL_CONVERSION = YES;
				CLANG_WARN_COMMA = YES;
				CLANG_WARN_CONSTANT_CONVERSION = YES;
				CLANG_WARN_DEPRECATED_OBJC_IMPLEMENTATIONS = YES;
				CLANG_WARN_DIRECT_OBJC_ISA_USAGE = YES_ERROR;
				CLANG_WARN_DOCUMENTATION_COMMENTS = YES;
				CLANG_WARN_EMPTY_BODY = YES;
				CLANG_WARN_ENUM_CONVERSION = YES;
				CLANG_WARN_INFINITE_RECURSION = YES;
				CLANG_WARN_INT_CONVERSION = YES;
				CLANG_WARN_NON_LITERAL_NULL_CONVERSION = YES;
				CLANG_WARN_OBJC_IMPLICIT_RETAIN_SELF = YES;
				CLANG_WARN_OBJC_LITERAL_CONVERSION = YES;
				CLANG_WARN_OBJC_ROOT_CLASS = YES_ERROR;
				CLANG_WARN_QUOTED_INCLUDE_IN_FRAMEWORK_HEADER = YES;
				CLANG_WARN_RANGE_LOOP_ANALYSIS = YES;
				CLANG_WARN_STRICT_PROTOTYPES = YES;
				CLANG_WARN_SUSPICIOUS_MOVE = YES;
				CLANG_WARN_UNGUARDED_AVAILABILITY = YES_AGGRESSIVE;
				CLANG_WARN_UNREACHABLE_CODE = YES;
				CLANG_WARN__DUPLICATE_METHOD_MATCH = YES;
				COPY_PHASE_STRIP = NO;
				DEBUG_INFORMATION_FORMAT = dwarf;
				ENABLE_STRICT_OBJC_MSGSEND = YES;
				ENABLE_TESTABILITY = YES;
				GCC_C_LANGUAGE_STANDARD = gnu11;
				GCC_DYNAMIC_NO_PIC = NO;
				GCC_NO_COMMON_BLOCKS = YES;
				GCC_OPTIMIZATION_LEVEL = 0;
				GCC_PREPROCESSOR_DEFINITIONS = (
					"DEBUG=1",
					"$(inherited)",
				);
				GCC_WARN_64_TO_32_BIT_CONVERSION = YES;
				GCC_WARN_ABOUT_RETURN_TYPE = YES_ERROR;
				GCC_WARN_UNDECLARED_SELECTOR = YES;
				GCC_WARN_UNINITIALIZED_AUTOS = YES_AGGRESSIVE;
				GCC_WARN_UNUSED_FUNCTION = YES;
				GCC_WARN_UNUSED_VARIABLE = YES;
				IPHONEOS_DEPLOYMENT_TARGET = 15.5;
				MTL_ENABLE_DEBUG_INFO = INCLUDE_SOURCE;
				MTL_FAST_MATH = YES;
				ONLY_ACTIVE_ARCH = YES;
				SDKROOT = iphoneos;
				SWIFT_ACTIVE_COMPILATION_CONDITIONS = DEBUG;
				SWIFT_OPTIMIZATION_LEVEL = "-Onone";
			};
			name = Debug;
		};
		DD23768C2849585B00D01756 /* Release */ = {
			isa = XCBuildConfiguration;
			buildSettings = {
				ALWAYS_SEARCH_USER_PATHS = NO;
				CLANG_ANALYZER_NONNULL = YES;
				CLANG_ANALYZER_NUMBER_OBJECT_CONVERSION = YES_AGGRESSIVE;
				CLANG_CXX_LANGUAGE_STANDARD = "gnu++17";
				CLANG_ENABLE_MODULES = YES;
				CLANG_ENABLE_OBJC_ARC = YES;
				CLANG_ENABLE_OBJC_WEAK = YES;
				CLANG_WARN_BLOCK_CAPTURE_AUTORELEASING = YES;
				CLANG_WARN_BOOL_CONVERSION = YES;
				CLANG_WARN_COMMA = YES;
				CLANG_WARN_CONSTANT_CONVERSION = YES;
				CLANG_WARN_DEPRECATED_OBJC_IMPLEMENTATIONS = YES;
				CLANG_WARN_DIRECT_OBJC_ISA_USAGE = YES_ERROR;
				CLANG_WARN_DOCUMENTATION_COMMENTS = YES;
				CLANG_WARN_EMPTY_BODY = YES;
				CLANG_WARN_ENUM_CONVERSION = YES;
				CLANG_WARN_INFINITE_RECURSION = YES;
				CLANG_WARN_INT_CONVERSION = YES;
				CLANG_WARN_NON_LITERAL_NULL_CONVERSION = YES;
				CLANG_WARN_OBJC_IMPLICIT_RETAIN_SELF = YES;
				CLANG_WARN_OBJC_LITERAL_CONVERSION = YES;
				CLANG_WARN_OBJC_ROOT_CLASS = YES_ERROR;
				CLANG_WARN_QUOTED_INCLUDE_IN_FRAMEWORK_HEADER = YES;
				CLANG_WARN_RANGE_LOOP_ANALYSIS = YES;
				CLANG_WARN_STRICT_PROTOTYPES = YES;
				CLANG_WARN_SUSPICIOUS_MOVE = YES;
				CLANG_WARN_UNGUARDED_AVAILABILITY = YES_AGGRESSIVE;
				CLANG_WARN_UNREACHABLE_CODE = YES;
				CLANG_WARN__DUPLICATE_METHOD_MATCH = YES;
				COPY_PHASE_STRIP = NO;
				DEBUG_INFORMATION_FORMAT = "dwarf-with-dsym";
				ENABLE_NS_ASSERTIONS = NO;
				ENABLE_STRICT_OBJC_MSGSEND = YES;
				GCC_C_LANGUAGE_STANDARD = gnu11;
				GCC_NO_COMMON_BLOCKS = YES;
				GCC_WARN_64_TO_32_BIT_CONVERSION = YES;
				GCC_WARN_ABOUT_RETURN_TYPE = YES_ERROR;
				GCC_WARN_UNDECLARED_SELECTOR = YES;
				GCC_WARN_UNINITIALIZED_AUTOS = YES_AGGRESSIVE;
				GCC_WARN_UNUSED_FUNCTION = YES;
				GCC_WARN_UNUSED_VARIABLE = YES;
				IPHONEOS_DEPLOYMENT_TARGET = 15.5;
				MTL_ENABLE_DEBUG_INFO = NO;
				MTL_FAST_MATH = YES;
				SDKROOT = iphoneos;
				SWIFT_COMPILATION_MODE = wholemodule;
				SWIFT_OPTIMIZATION_LEVEL = "-O";
				VALIDATE_PRODUCT = YES;
			};
			name = Release;
		};
		DD23768E2849585B00D01756 /* Debug */ = {
			isa = XCBuildConfiguration;
			buildSettings = {
				ASSETCATALOG_COMPILER_APPICON_NAME = AppIcon;
				ASSETCATALOG_COMPILER_GLOBAL_ACCENT_COLOR_NAME = AccentColor;
				CODE_SIGN_STYLE = Automatic;
				CURRENT_PROJECT_VERSION = 1;
				DEVELOPMENT_ASSET_PATHS = "\"CatProject/Preview Content\"";
				DEVELOPMENT_TEAM = 23U86K98CU;
				ENABLE_PREVIEWS = YES;
				GENERATE_INFOPLIST_FILE = YES;
				INFOPLIST_KEY_UIApplicationSceneManifest_Generation = YES;
				INFOPLIST_KEY_UIApplicationSupportsIndirectInputEvents = YES;
				INFOPLIST_KEY_UILaunchScreen_Generation = YES;
				INFOPLIST_KEY_UISupportedInterfaceOrientations_iPad = "UIInterfaceOrientationPortrait UIInterfaceOrientationPortraitUpsideDown UIInterfaceOrientationLandscapeLeft UIInterfaceOrientationLandscapeRight";
				INFOPLIST_KEY_UISupportedInterfaceOrientations_iPhone = "UIInterfaceOrientationPortrait UIInterfaceOrientationLandscapeLeft UIInterfaceOrientationLandscapeRight";
				LD_RUNPATH_SEARCH_PATHS = (
					"$(inherited)",
					"@executable_path/Frameworks",
				);
				MARKETING_VERSION = 1.0;
				PRODUCT_BUNDLE_IDENTIFIER = com.zelihauslu.CatProject;
				PRODUCT_NAME = "$(TARGET_NAME)";
				SWIFT_EMIT_LOC_STRINGS = YES;
				SWIFT_VERSION = 5.0;
				TARGETED_DEVICE_FAMILY = "1,2";
			};
			name = Debug;
		};
		DD23768F2849585B00D01756 /* Release */ = {
			isa = XCBuildConfiguration;
			buildSettings = {
				ASSETCATALOG_COMPILER_APPICON_NAME = AppIcon;
				ASSETCATALOG_COMPILER_GLOBAL_ACCENT_COLOR_NAME = AccentColor;
				CODE_SIGN_STYLE = Automatic;
				CURRENT_PROJECT_VERSION = 1;
				DEVELOPMENT_ASSET_PATHS = "\"CatProject/Preview Content\"";
				DEVELOPMENT_TEAM = 23U86K98CU;
				ENABLE_PREVIEWS = YES;
				GENERATE_INFOPLIST_FILE = YES;
				INFOPLIST_KEY_UIApplicationSceneManifest_Generation = YES;
				INFOPLIST_KEY_UIApplicationSupportsIndirectInputEvents = YES;
				INFOPLIST_KEY_UILaunchScreen_Generation = YES;
				INFOPLIST_KEY_UISupportedInterfaceOrientations_iPad = "UIInterfaceOrientationPortrait UIInterfaceOrientationPortraitUpsideDown UIInterfaceOrientationLandscapeLeft UIInterfaceOrientationLandscapeRight";
				INFOPLIST_KEY_UISupportedInterfaceOrientations_iPhone = "UIInterfaceOrientationPortrait UIInterfaceOrientationLandscapeLeft UIInterfaceOrientationLandscapeRight";
				LD_RUNPATH_SEARCH_PATHS = (
					"$(inherited)",
					"@executable_path/Frameworks",
				);
				MARKETING_VERSION = 1.0;
				PRODUCT_BUNDLE_IDENTIFIER = com.zelihauslu.CatProject;
				PRODUCT_NAME = "$(TARGET_NAME)";
				SWIFT_EMIT_LOC_STRINGS = YES;
				SWIFT_VERSION = 5.0;
				TARGETED_DEVICE_FAMILY = "1,2";
			};
			name = Release;
		};
/* End XCBuildConfiguration section */

/* Begin XCConfigurationList section */
		DD23767A2849585800D01756 /* Build configuration list for PBXProject "CatProject" */ = {
			isa = XCConfigurationList;
			buildConfigurations = (
				DD23768B2849585B00D01756 /* Debug */,
				DD23768C2849585B00D01756 /* Release */,
			);
			defaultConfigurationIsVisible = 0;
			defaultConfigurationName = Release;
		};
		DD23768D2849585B00D01756 /* Build configuration list for PBXNativeTarget "CatProject" */ = {
			isa = XCConfigurationList;
			buildConfigurations = (
				DD23768E2849585B00D01756 /* Debug */,
				DD23768F2849585B00D01756 /* Release */,
			);
			defaultConfigurationIsVisible = 0;
			defaultConfigurationName = Release;
		};
/* End XCConfigurationList section */
	};
	rootObject = DD2376772849585800D01756 /* Project object */;
}
